{
  "name": "@klivcore/workbench",
  "version": "1.0.0",
  "lockfileVersion": 3,
  "requires": true,
  "packages": {
    "": {
      "name": "@klivcore/workbench",
      "version": "1.0.0",
      "license": "UNLICENSED",
      "workspaces": [
        "packages/*"
      ]
    },
    "node_modules/@klivcore/unknown-client": {
      "resolved": "packages/client",
      "link": true
    },
    "node_modules/@klivcore/unknown-infra": {
      "resolved": "packages/infra",
      "link": true
    },
    "node_modules/@klivcore/unknown-server": {
      "resolved": "packages/server",
      "link": true
    },
    "node_modules/@klivcore/unknown-shared": {
      "resolved": "packages/shared",
      "link": true
    },
    "packages/client": {
      "name": "@klivcore/unknown-client",
      "version": "1.0.0",
      "license": "UNLICENSED"
    },
    "packages/infra": {
      "name": "@klivcore/unknown-infra",
      "version": "1.0.0",
      "license": "UNLICENSED"
    },
    "packages/server": {
      "name": "@klivcore/unknown-server",
      "version": "1.0.0",
      "license": "UNLICENSED"
    },
    "packages/shared": {
      "name": "@klivcore/unknown-shared",
      "version": "1.0.0",
      "license": "UNLICENSED"
    }
  }
}
